<Solution>
  <Folder Name="/Root/">
    <File Path=".gitignore" />
    <File Path="publish.sh" />
    <File Path="LICENSE" />
    <File Path="Common.props" />
  </Folder>
  <Project Path="HelpersCore/HelpersCore.csproj" />
  <Project Path="HelpersCore.SkiaSharp/HelpersCore.SkiaSharp.csproj" />
</Solution>